
Microsoft Visual Studio Solution File, Format Version 12.00
# Visual Studio Version 17
VisualStudioVersion = 17.5.002.0
MinimumVisualStudioVersion = 10.0.40219.1
Project("{9A19103F-16F7-4668-BE54-9A1E7A4F7556}") = "TAIMinimumAPI", "TAIMinimumAPI.csproj", "{10E20EAD-CA0D-4EF6-8172-644E647B4091}"
EndProject
Global
	GlobalSection(SolutionConfigurationPlatforms) = preSolution
		Debug|Any CPU = Debug|Any CPU
		Release|Any CPU = Release|Any CPU
	EndGlobalSection
	GlobalSection(ProjectConfigurationPlatforms) = postSolution
		{10E20EAD-CA0D-4EF6-8172-644E647B4091}.Debug|Any CPU.ActiveCfg = Debug|Any CPU
		{10E20EAD-CA0D-4EF6-8172-644E647B4091}.Debug|Any CPU.Build.0 = Debug|Any CPU
		{10E20EAD-CA0D-4EF6-8172-644E647B4091}.Release|Any CPU.ActiveCfg = Release|Any CPU
		{10E20EAD-CA0D-4EF6-8172-644E647B4091}.Release|Any CPU.Build.0 = Release|Any CPU
	EndGlobalSection
	GlobalSection(SolutionProperties) = preSolution
		HideSolutionNode = FALSE
	EndGlobalSection
	GlobalSection(ExtensibilityGlobals) = postSolution
		SolutionGuid = {3C8D8B2D-01E0-4570-9E5D-DAF969FBF223}
	EndGlobalSection
EndGlobal
